// !$*UTF8*$!
{
	archiveVersion = 1;
	classes = {
	};
	objectVersion = 56;
	objects = {

/* Begin PBXBuildFile section */
		A774652B4E2DB22E232639F8 /* Pods_WhatsAppCL.framework in Frameworks */ = {isa = PBXBuildFile; fileRef = 5BE09D3664D1748871061BE8 /* Pods_WhatsAppCL.framework */; };
		DF8866CC2AB09BED0044A87A /* AppDelegate.swift in Sources */ = {isa = PBXBuildFile; fileRef = DF8866CB2AB09BED0044A87A /* AppDelegate.swift */; };
		DF8866CE2AB09BED0044A87A /* SceneDelegate.swift in Sources */ = {isa = PBXBuildFile; fileRef = DF8866CD2AB09BED0044A87A /* SceneDelegate.swift */; };
		DF8866D32AB09BED0044A87A /* Main.storyboard in Resources */ = {isa = PBXBuildFile; fileRef = DF8866D12AB09BED0044A87A /* Main.storyboard */; };
		DF8866D52AB09BEE0044A87A /* Assets.xcassets in Resources */ = {isa = PBXBuildFile; fileRef = DF8866D42AB09BEE0044A87A /* Assets.xcassets */; };
		DF8866D82AB09BEE0044A87A /* LaunchScreen.storyboard in Resources */ = {isa = PBXBuildFile; fileRef = DF8866D62AB09BEE0044A87A /* LaunchScreen.storyboard */; };
		DF8866E62AB0A46E0044A87A /* LoginViewController.swift in Sources */ = {isa = PBXBuildFile; fileRef = DF8866E52AB0A46E0044A87A /* LoginViewController.swift */; };
		DF8866E82AB0A7040044A87A /* Util.swift in Sources */ = {isa = PBXBuildFile; fileRef = DF8866E72AB0A7040044A87A /* Util.swift */; };
		DF8866EA2AB0BA580044A87A /* registerViewController.swift in Sources */ = {isa = PBXBuildFile; fileRef = DF8866E92AB0BA580044A87A /* registerViewController.swift */; };
		DF8866EC2AB0C5620044A87A /* GoogleService-Info.plist in Resources */ = {isa = PBXBuildFile; fileRef = DF8866EB2AB0C5620044A87A /* GoogleService-Info.plist */; };
		DFF7646E2AC737BE00478994 /* Constants.swift in Sources */ = {isa = PBXBuildFile; fileRef = DFF7646D2AC737BE00478994 /* Constants.swift */; };
/* End PBXBuildFile section */

/* Begin PBXFileReference section */
		5BE09D3664D1748871061BE8 /* Pods_WhatsAppCL.framework */ = {isa = PBXFileReference; explicitFileType = wrapper.framework; includeInIndex = 0; path = Pods_WhatsAppCL.framework; sourceTree = BUILT_PRODUCTS_DIR; };
		60D5F33526BBC7C26AA9961F /* Pods-WhatsAppCL.release.xcconfig */ = {isa = PBXFileReference; includeInIndex = 1; lastKnownFileType = text.xcconfig; name = "Pods-WhatsAppCL.release.xcconfig"; path = "Target Support Files/Pods-WhatsAppCL/Pods-WhatsAppCL.release.xcconfig"; sourceTree = "<group>"; };
		68B4ACA6E36A4579877BA04E /* Pods-WhatsAppCL.debug.xcconfig */ = {isa = PBXFileReference; includeInIndex = 1; lastKnownFileType = text.xcconfig; name = "Pods-WhatsAppCL.debug.xcconfig"; path = "Target Support Files/Pods-WhatsAppCL/Pods-WhatsAppCL.debug.xcconfig"; sourceTree = "<group>"; };
		DF8866C82AB09BED0044A87A /* WhatsAppCL.app */ = {isa = PBXFileReference; explicitFileType = wrapper.application; includeInIndex = 0; path = WhatsAppCL.app; sourceTree = BUILT_PRODUCTS_DIR; };
		DF8866CB2AB09BED0044A87A /* AppDelegate.swift */ = {isa = PBXFileReference; lastKnownFileType = sourcecode.swift; path = AppDelegate.swift; sourceTree = "<group>"; };
		DF8866CD2AB09BED0044A87A /* SceneDelegate.swift */ = {isa = PBXFileReference; lastKnownFileType = sourcecode.swift; path = SceneDelegate.swift; sourceTree = "<group>"; };
		DF8866D22AB09BED0044A87A /* Base */ = {isa = PBXFileReference; lastKnownFileType = file.storyboard; name = Base; path = Base.lproj/Main.storyboard; sourceTree = "<group>"; };
		DF8866D42AB09BEE0044A87A /* Assets.xcassets */ = {isa = PBXFileReference; lastKnownFileType = folder.assetcatalog; path = Assets.xcassets; sourceTree = "<group>"; };
		DF8866D72AB09BEE0044A87A /* Base */ = {isa = PBXFileReference; lastKnownFileType = file.storyboard; name = Base; path = Base.lproj/LaunchScreen.storyboard; sourceTree = "<group>"; };
		DF8866D92AB09BEE0044A87A /* Info.plist */ = {isa = PBXFileReference; lastKnownFileType = text.plist.xml; path = Info.plist; sourceTree = "<group>"; };
		DF8866E52AB0A46E0044A87A /* LoginViewController.swift */ = {isa = PBXFileReference; lastKnownFileType = sourcecode.swift; path = LoginViewController.swift; sourceTree = "<group>"; };
		DF8866E72AB0A7040044A87A /* Util.swift */ = {isa = PBXFileReference; lastKnownFileType = sourcecode.swift; path = Util.swift; sourceTree = "<group>"; };
		DF8866E92AB0BA580044A87A /* registerViewController.swift */ = {isa = PBXFileReference; lastKnownFileType = sourcecode.swift; path = registerViewController.swift; sourceTree = "<group>"; };
		DF8866EB2AB0C5620044A87A /* GoogleService-Info.plist */ = {isa = PBXFileReference; fileEncoding = 4; lastKnownFileType = text.plist.xml; path = "GoogleService-Info.plist"; sourceTree = "<group>"; };
		DFF7646D2AC737BE00478994 /* Constants.swift */ = {isa = PBXFileReference; lastKnownFileType = sourcecode.swift; path = Constants.swift; sourceTree = "<group>"; };
/* End PBXFileReference section */

/* Begin PBXFrameworksBuildPhase section */
		DF8866C52AB09BED0044A87A /* Frameworks */ = {
			isa = PBXFrameworksBuildPhase;
			buildActionMask = 2147483647;
			files = (
				A774652B4E2DB22E232639F8 /* Pods_WhatsAppCL.framework in Frameworks */,
			);
			runOnlyForDeploymentPostprocessing = 0;
		};
/* End PBXFrameworksBuildPhase section */

/* Begin PBXGroup section */
		83D267A6FB69B49B5EA95532 /* Pods */ = {
			isa = PBXGroup;
			children = (
				68B4ACA6E36A4579877BA04E /* Pods-WhatsAppCL.debug.xcconfig */,
				60D5F33526BBC7C26AA9961F /* Pods-WhatsAppCL.release.xcconfig */,
			);
			path = Pods;
			sourceTree = "<group>";
		};
		ADAA59716EE7CD3808872A76 /* Frameworks */ = {
			isa = PBXGroup;
			children = (
				5BE09D3664D1748871061BE8 /* Pods_WhatsAppCL.framework */,
			);
			name = Frameworks;
			sourceTree = "<group>";
		};
		DF8866BF2AB09BED0044A87A = {
			isa = PBXGroup;
			children = (
				DF8866CA2AB09BED0044A87A /* WhatsAppCL */,
				DF8866C92AB09BED0044A87A /* Products */,
				83D267A6FB69B49B5EA95532 /* Pods */,
				ADAA59716EE7CD3808872A76 /* Frameworks */,
			);
			sourceTree = "<group>";
		};
		DF8866C92AB09BED0044A87A /* Products */ = {
			isa = PBXGroup;
			children = (
				DF8866C82AB09BED0044A87A /* WhatsAppCL.app */,
			);
			name = Products;
			sourceTree = "<group>";
		};
		DF8866CA2AB09BED0044A87A /* WhatsAppCL */ = {
			isa = PBXGroup;
			children = (
				DF8866EB2AB0C5620044A87A /* GoogleService-Info.plist */,
				DF8866E42AB09D5B0044A87A /* LoginViews */,
				DF8866E32AB09D4B0044A87A /* CoreViews */,
				DF8866E22AB09D400044A87A /* SecondaryViews */,
				DF8866E12AB09D1D0044A87A /* CustomCells */,
				DF8866E02AB09D0C0044A87A /* Model */,
				DF8866DF2AB09CF90044A87A /* Util */,
				DF8866CB2AB09BED0044A87A /* AppDelegate.swift */,
				DF8866D42AB09BEE0044A87A /* Assets.xcassets */,
				DF8866D92AB09BEE0044A87A /* Info.plist */,
				DF8866D62AB09BEE0044A87A /* LaunchScreen.storyboard */,
				DF8866D12AB09BED0044A87A /* Main.storyboard */,
				DF8866CD2AB09BED0044A87A /* SceneDelegate.swift */,
			);
			path = WhatsAppCL;
			sourceTree = "<group>";
		};
		DF8866DF2AB09CF90044A87A /* Util */ = {
			isa = PBXGroup;
			children = (
				DF8866E72AB0A7040044A87A /* Util.swift */,
				DFF7646D2AC737BE00478994 /* Constants.swift */,
			);
			path = Util;
			sourceTree = "<group>";
		};
		DF8866E02AB09D0C0044A87A /* Model */ = {
			isa = PBXGroup;
			children = (
			);
			path = Model;
			sourceTree = "<group>";
		};
		DF8866E12AB09D1D0044A87A /* CustomCells */ = {
			isa = PBXGroup;
			children = (
			);
			path = CustomCells;
			sourceTree = "<group>";
		};
		DF8866E22AB09D400044A87A /* SecondaryViews */ = {
			isa = PBXGroup;
			children = (
			);
			path = SecondaryViews;
			sourceTree = "<group>";
		};
		DF8866E32AB09D4B0044A87A /* CoreViews */ = {
			isa = PBXGroup;
			children = (
			);
			path = CoreViews;
			sourceTree = "<group>";
		};
		DF8866E42AB09D5B0044A87A /* LoginViews */ = {
			isa = PBXGroup;
			children = (
				DF8866E52AB0A46E0044A87A /* LoginViewController.swift */,
				DF8866E92AB0BA580044A87A /* registerViewController.swift */,
			);
			path = LoginViews;
			sourceTree = "<group>";
		};
/* End PBXGroup section */

/* Begin PBXNativeTarget section */
		DF8866C72AB09BED0044A87A /* WhatsAppCL */ = {
			isa = PBXNativeTarget;
			buildConfigurationList = DF8866DC2AB09BEE0044A87A /* Build configuration list for PBXNativeTarget "WhatsAppCL" */;
			buildPhases = (
				9774966A14B6A784D085BBB8 /* [CP] Check Pods Manifest.lock */,
				DF8866C42AB09BED0044A87A /* Sources */,
				DF8866C52AB09BED0044A87A /* Frameworks */,
				DF8866C62AB09BED0044A87A /* Resources */,
				9AEB4342B1D45C6A7228BF1B /* [CP] Embed Pods Frameworks */,
			);
			buildRules = (
			);
			dependencies = (
			);
			name = WhatsAppCL;
			productName = WhatsAppCL;
			productReference = DF8866C82AB09BED0044A87A /* WhatsAppCL.app */;
			productType = "com.apple.product-type.application";
		};
/* End PBXNativeTarget section */

/* Begin PBXProject section */
		DF8866C02AB09BED0044A87A /* Project object */ = {
			isa = PBXProject;
			attributes = {
				BuildIndependentTargetsInParallel = 1;
				LastSwiftUpdateCheck = 1430;
				LastUpgradeCheck = 1430;
				TargetAttributes = {
					DF8866C72AB09BED0044A87A = {
						CreatedOnToolsVersion = 14.3.1;
					};
				};
			};
			buildConfigurationList = DF8866C32AB09BED0044A87A /* Build configuration list for PBXProject "WhatsAppCL" */;
			compatibilityVersion = "Xcode 14.0";
			developmentRegion = en;
			hasScannedForEncodings = 0;
			knownRegions = (
				en,
				Base,
			);
			mainGroup = DF8866BF2AB09BED0044A87A;
			productRefGroup = DF8866C92AB09BED0044A87A /* Products */;
			projectDirPath = "";
			projectRoot = "";
			targets = (
				DF8866C72AB09BED0044A87A /* WhatsAppCL */,
			);
		};
/* End PBXProject section */

/* Begin PBXResourcesBuildPhase section */
		DF8866C62AB09BED0044A87A /* Resources */ = {
			isa = PBXResourcesBuildPhase;
			buildActionMask = 2147483647;
			files = (
				DF8866D82AB09BEE0044A87A /* LaunchScreen.storyboard in Resources */,
				DF8866EC2AB0C5620044A87A /* GoogleService-Info.plist in Resources */,
				DF8866D52AB09BEE0044A87A /* Assets.xcassets in Resources */,
				DF8866D32AB09BED0044A87A /* Main.storyboard in Resources */,
			);
			runOnlyForDeploymentPostprocessing = 0;
		};
/* End PBXResourcesBuildPhase section */

/* Begin PBXShellScriptBuildPhase section */
		9774966A14B6A784D085BBB8 /* [CP] Check Pods Manifest.lock */ = {
			isa = PBXShellScriptBuildPhase;
			buildActionMask = 2147483647;
			files = (
			);
			inputFileListPaths = (
			);
			inputPaths = (
				"${PODS_PODFILE_DIR_PATH}/Podfile.lock",
				"${PODS_ROOT}/Manifest.lock",
			);
			name = "[CP] Check Pods Manifest.lock";
			outputFileListPaths = (
			);
			outputPaths = (
				"$(DERIVED_FILE_DIR)/Pods-WhatsAppCL-checkManifestLockResult.txt",
			);
			runOnlyForDeploymentPostprocessing = 0;
			shellPath = /bin/sh;
			shellScript = "diff \"${PODS_PODFILE_DIR_PATH}/Podfile.lock\" \"${PODS_ROOT}/Manifest.lock\" > /dev/null\nif [ $? != 0 ] ; then\n    # print error to STDERR\n    echo \"error: The sandbox is not in sync with the Podfile.lock. Run 'pod install' or update your CocoaPods installation.\" >&2\n    exit 1\nfi\n# This output is used by Xcode 'outputs' to avoid re-running this script phase.\necho \"SUCCESS\" > \"${SCRIPT_OUTPUT_FILE_0}\"\n";
			showEnvVarsInLog = 0;
		};
		9AEB4342B1D45C6A7228BF1B /* [CP] Embed Pods Frameworks */ = {
			isa = PBXShellScriptBuildPhase;
			buildActionMask = 2147483647;
			files = (
			);
			inputFileListPaths = (
				"${PODS_ROOT}/Target Support Files/Pods-WhatsAppCL/Pods-WhatsAppCL-frameworks-${CONFIGURATION}-input-files.xcfilelist",
			);
			name = "[CP] Embed Pods Frameworks";
			outputFileListPaths = (
				"${PODS_ROOT}/Target Support Files/Pods-WhatsAppCL/Pods-WhatsAppCL-frameworks-${CONFIGURATION}-output-files.xcfilelist",
			);
			runOnlyForDeploymentPostprocessing = 0;
			shellPath = /bin/sh;
			shellScript = "\"${PODS_ROOT}/Target Support Files/Pods-WhatsAppCL/Pods-WhatsAppCL-frameworks.sh\"\n";
			showEnvVarsInLog = 0;
		};
/* End PBXShellScriptBuildPhase section */

/* Begin PBXSourcesBuildPhase section */
		DF8866C42AB09BED0044A87A /* Sources */ = {
			isa = PBXSourcesBuildPhase;
			buildActionMask = 2147483647;
			files = (
				DF8866E62AB0A46E0044A87A /* LoginViewController.swift in Sources */,
				DF8866CC2AB09BED0044A87A /* AppDelegate.swift in Sources */,
				DF8866CE2AB09BED0044A87A /* SceneDelegate.swift in Sources */,
				DF8866EA2AB0BA580044A87A /* registerViewController.swift in Sources */,
				DF8866E82AB0A7040044A87A /* Util.swift in Sources */,
				DFF7646E2AC737BE00478994 /* Constants.swift in Sources */,
			);
			runOnlyForDeploymentPostprocessing = 0;
		};
/* End PBXSourcesBuildPhase section */

/* Begin PBXVariantGroup section */
		DF8866D12AB09BED0044A87A /* Main.storyboard */ = {
			isa = PBXVariantGroup;
			children = (
				DF8866D22AB09BED0044A87A /* Base */,
			);
			name = Main.storyboard;
			sourceTree = "<group>";
		};
		DF8866D62AB09BEE0044A87A /* LaunchScreen.storyboard */ = {
			isa = PBXVariantGroup;
			children = (
				DF8866D72AB09BEE0044A87A /* Base */,
			);
			name = LaunchScreen.storyboard;
			sourceTree = "<group>";
		};
/* End PBXVariantGroup section */

/* Begin XCBuildConfiguration section */
		DF8866DA2AB09BEE0044A87A /* Debug */ = {
			isa = XCBuildConfiguration;
			buildSettings = {
				ALWAYS_SEARCH_USER_PATHS = NO;
				CLANG_ANALYZER_NONNULL = YES;
				CLANG_ANALYZER_NUMBER_OBJECT_CONVERSION = YES_AGGRESSIVE;
				CLANG_CXX_LANGUAGE_STANDARD = "gnu++20";
				CLANG_ENABLE_MODULES = YES;
				CLANG_ENABLE_OBJC_ARC = YES;
				CLANG_ENABLE_OBJC_WEAK = YES;
				CLANG_WARN_BLOCK_CAPTURE_AUTORELEASING = YES;
				CLANG_WARN_BOOL_CONVERSION = YES;
				CLANG_WARN_COMMA = YES;
				CLANG_WARN_CONSTANT_CONVERSION = YES;
				CLANG_WARN_DEPRECATED_OBJC_IMPLEMENTATIONS = YES;
				CLANG_WARN_DIRECT_OBJC_ISA_USAGE = YES_ERROR;
				CLANG_WARN_DOCUMENTATION_COMMENTS = YES;
				CLANG_WARN_EMPTY_BODY = YES;
				CLANG_WARN_ENUM_CONVERSION = YES;
				CLANG_WARN_INFINITE_RECURSION = YES;
				CLANG_WARN_INT_CONVERSION = YES;
				CLANG_WARN_NON_LITERAL_NULL_CONVERSION = YES;
				CLANG_WARN_OBJC_IMPLICIT_RETAIN_SELF = YES;
				CLANG_WARN_OBJC_LITERAL_CONVERSION = YES;
				CLANG_WARN_OBJC_ROOT_CLASS = YES_ERROR;
				CLANG_WARN_QUOTED_INCLUDE_IN_FRAMEWORK_HEADER = YES;
				CLANG_WARN_RANGE_LOOP_ANALYSIS = YES;
				CLANG_WARN_STRICT_PROTOTYPES = YES;
				CLANG_WARN_SUSPICIOUS_MOVE = YES;
				CLANG_WARN_UNGUARDED_AVAILABILITY = YES_AGGRESSIVE;
				CLANG_WARN_UNREACHABLE_CODE = YES;
				CLANG_WARN__DUPLICATE_METHOD_MATCH = YES;
				COPY_PHASE_STRIP = NO;
				DEBUG_INFORMATION_FORMAT = dwarf;
				ENABLE_STRICT_OBJC_MSGSEND = YES;
				ENABLE_TESTABILITY = YES;
				GCC_C_LANGUAGE_STANDARD = gnu11;
				GCC_DYNAMIC_NO_PIC = NO;
				GCC_NO_COMMON_BLOCKS = YES;
				GCC_OPTIMIZATION_LEVEL = 0;
				GCC_PREPROCESSOR_DEFINITIONS = (
					"DEBUG=1",
					"$(inherited)",
				);
				GCC_WARN_64_TO_32_BIT_CONVERSION = YES;
				GCC_WARN_ABOUT_RETURN_TYPE = YES_ERROR;
				GCC_WARN_UNDECLARED_SELECTOR = YES;
				GCC_WARN_UNINITIALIZED_AUTOS = YES_AGGRESSIVE;
				GCC_WARN_UNUSED_FUNCTION = YES;
				GCC_WARN_UNUSED_VARIABLE = YES;
				IPHONEOS_DEPLOYMENT_TARGET = 16.4;
				MTL_ENABLE_DEBUG_INFO = INCLUDE_SOURCE;
				MTL_FAST_MATH = YES;
				ONLY_ACTIVE_ARCH = YES;
				SDKROOT = iphoneos;
				SWIFT_ACTIVE_COMPILATION_CONDITIONS = DEBUG;
				SWIFT_OPTIMIZATION_LEVEL = "-Onone";
			};
			name = Debug;
		};
		DF8866DB2AB09BEE0044A87A /* Release */ = {
			isa = XCBuildConfiguration;
			buildSettings = {
				ALWAYS_SEARCH_USER_PATHS = NO;
				CLANG_ANALYZER_NONNULL = YES;
				CLANG_ANALYZER_NUMBER_OBJECT_CONVERSION = YES_AGGRESSIVE;
				CLANG_CXX_LANGUAGE_STANDARD = "gnu++20";
				CLANG_ENABLE_MODULES = YES;
				CLANG_ENABLE_OBJC_ARC = YES;
				CLANG_ENABLE_OBJC_WEAK = YES;
				CLANG_WARN_BLOCK_CAPTURE_AUTORELEASING = YES;
				CLANG_WARN_BOOL_CONVERSION = YES;
				CLANG_WARN_COMMA = YES;
				CLANG_WARN_CONSTANT_CONVERSION = YES;
				CLANG_WARN_DEPRECATED_OBJC_IMPLEMENTATIONS = YES;
				CLANG_WARN_DIRECT_OBJC_ISA_USAGE = YES_ERROR;
				CLANG_WARN_DOCUMENTATION_COMMENTS = YES;
				CLANG_WARN_EMPTY_BODY = YES;
				CLANG_WARN_ENUM_CONVERSION = YES;
				CLANG_WARN_INFINITE_RECURSION = YES;
				CLANG_WARN_INT_CONVERSION = YES;
				CLANG_WARN_NON_LITERAL_NULL_CONVERSION = YES;
				CLANG_WARN_OBJC_IMPLICIT_RETAIN_SELF = YES;
				CLANG_WARN_OBJC_LITERAL_CONVERSION = YES;
				CLANG_WARN_OBJC_ROOT_CLASS = YES_ERROR;
				CLANG_WARN_QUOTED_INCLUDE_IN_FRAMEWORK_HEADER = YES;
				CLANG_WARN_RANGE_LOOP_ANALYSIS = YES;
				CLANG_WARN_STRICT_PROTOTYPES = YES;
				CLANG_WARN_SUSPICIOUS_MOVE = YES;
				CLANG_WARN_UNGUARDED_AVAILABILITY = YES_AGGRESSIVE;
				CLANG_WARN_UNREACHABLE_CODE = YES;
				CLANG_WARN__DUPLICATE_METHOD_MATCH = YES;
				COPY_PHASE_STRIP = NO;
				DEBUG_INFORMATION_FORMAT = "dwarf-with-dsym";
				ENABLE_NS_ASSERTIONS = NO;
				ENABLE_STRICT_OBJC_MSGSEND = YES;
				GCC_C_LANGUAGE_STANDARD = gnu11;
				GCC_NO_COMMON_BLOCKS = YES;
				GCC_WARN_64_TO_32_BIT_CONVERSION = YES;
				GCC_WARN_ABOUT_RETURN_TYPE = YES_ERROR;
				GCC_WARN_UNDECLARED_SELECTOR = YES;
				GCC_WARN_UNINITIALIZED_AUTOS = YES_AGGRESSIVE;
				GCC_WARN_UNUSED_FUNCTION = YES;
				GCC_WARN_UNUSED_VARIABLE = YES;
				IPHONEOS_DEPLOYMENT_TARGET = 16.4;
				MTL_ENABLE_DEBUG_INFO = NO;
				MTL_FAST_MATH = YES;
				SDKROOT = iphoneos;
				SWIFT_COMPILATION_MODE = wholemodule;
				SWIFT_OPTIMIZATION_LEVEL = "-O";
				VALIDATE_PRODUCT = YES;
			};
			name = Release;
		};
		DF8866DD2AB09BEE0044A87A /* Debug */ = {
			isa = XCBuildConfiguration;
			baseConfigurationReference = 68B4ACA6E36A4579877BA04E /* Pods-WhatsAppCL.debug.xcconfig */;
			buildSettings = {
				ASSETCATALOG_COMPILER_APPICON_NAME = AppIcon;
				ASSETCATALOG_COMPILER_GLOBAL_ACCENT_COLOR_NAME = AccentColor;
				CODE_SIGN_STYLE = Automatic;
				CURRENT_PROJECT_VERSION = 1;
				GENERATE_INFOPLIST_FILE = YES;
				INFOPLIST_FILE = WhatsAppCL/Info.plist;
				INFOPLIST_KEY_UIApplicationSupportsIndirectInputEvents = YES;
				INFOPLIST_KEY_UILaunchStoryboardName = LaunchScreen;
				INFOPLIST_KEY_UIMainStoryboardFile = Main;
				INFOPLIST_KEY_UISupportedInterfaceOrientations_iPad = "UIInterfaceOrientationPortrait UIInterfaceOrientationPortraitUpsideDown UIInterfaceOrientationLandscapeLeft UIInterfaceOrientationLandscapeRight";
				INFOPLIST_KEY_UISupportedInterfaceOrientations_iPhone = "UIInterfaceOrientationPortrait UIInterfaceOrientationLandscapeLeft UIInterfaceOrientationLandscapeRight";
				IPHONEOS_DEPLOYMENT_TARGET = 13.0;
				LD_RUNPATH_SEARCH_PATHS = (
					"$(inherited)",
					"@executable_path/Frameworks",
				);
				MARKETING_VERSION = 1.0;
				PRODUCT_BUNDLE_IDENTIFIER = ta2lsm.WhatsAppCL;
				PRODUCT_NAME = "$(TARGET_NAME)";
				SWIFT_EMIT_LOC_STRINGS = YES;
				SWIFT_VERSION = 5.0;
				TARGETED_DEVICE_FAMILY = "1,2";
			};
			name = Debug;
		};
		DF8866DE2AB09BEE0044A87A /* Release */ = {
			isa = XCBuildConfiguration;
			baseConfigurationReference = 60D5F33526BBC7C26AA9961F /* Pods-WhatsAppCL.release.xcconfig */;
			buildSettings = {
				ASSETCATALOG_COMPILER_APPICON_NAME = AppIcon;
				ASSETCATALOG_COMPILER_GLOBAL_ACCENT_COLOR_NAME = AccentColor;
				CODE_SIGN_STYLE = Automatic;
				CURRENT_PROJECT_VERSION = 1;
				GENERATE_INFOPLIST_FILE = YES;
				INFOPLIST_FILE = WhatsAppCL/Info.plist;
				INFOPLIST_KEY_UIApplicationSupportsIndirectInputEvents = YES;
				INFOPLIST_KEY_UILaunchStoryboardName = LaunchScreen;
				INFOPLIST_KEY_UIMainStoryboardFile = Main;
				INFOPLIST_KEY_UISupportedInterfaceOrientations_iPad = "UIInterfaceOrientationPortrait UIInterfaceOrientationPortraitUpsideDown UIInterfaceOrientationLandscapeLeft UIInterfaceOrientationLandscapeRight";
				INFOPLIST_KEY_UISupportedInterfaceOrientations_iPhone = "UIInterfaceOrientationPortrait UIInterfaceOrientationLandscapeLeft UIInterfaceOrientationLandscapeRight";
				IPHONEOS_DEPLOYMENT_TARGET = 13.0;
				LD_RUNPATH_SEARCH_PATHS = (
					"$(inherited)",
					"@executable_path/Frameworks",
				);
				MARKETING_VERSION = 1.0;
				PRODUCT_BUNDLE_IDENTIFIER = ta2lsm.WhatsAppCL;
				PRODUCT_NAME = "$(TARGET_NAME)";
				SWIFT_EMIT_LOC_STRINGS = YES;
				SWIFT_VERSION = 5.0;
				TARGETED_DEVICE_FAMILY = "1,2";
			};
			name = Release;
		};
/* End XCBuildConfiguration section */

/* Begin XCConfigurationList section */
		DF8866C32AB09BED0044A87A /* Build configuration list for PBXProject "WhatsAppCL" */ = {
			isa = XCConfigurationList;
			buildConfigurations = (
				DF8866DA2AB09BEE0044A87A /* Debug */,
				DF8866DB2AB09BEE0044A87A /* Release */,
			);
			defaultConfigurationIsVisible = 0;
			defaultConfigurationName = Release;
		};
		DF8866DC2AB09BEE0044A87A /* Build configuration list for PBXNativeTarget "WhatsAppCL" */ = {
			isa = XCConfigurationList;
			buildConfigurations = (
				DF8866DD2AB09BEE0044A87A /* Debug */,
				DF8866DE2AB09BEE0044A87A /* Release */,
			);
			defaultConfigurationIsVisible = 0;
			defaultConfigurationName = Release;
		};
/* End XCConfigurationList section */
	};
	rootObject = DF8866C02AB09BED0044A87A /* Project object */;
}
